
Microsoft Visual Studio Solution File, Format Version 12.00
# Visual Studio 2012
Project("{FAE04EC0-301F-11D3-BF4B-00C04F79EFBC}") = "RRCodeTest", "RRCodeTest\RRCodeTest.csproj", "{12E6654A-F4D2-4EF7-8C58-8DCCC4530694}"
EndProject
Project("{FAE04EC0-301F-11D3-BF4B-00C04F79EFBC}") = "RRCodeTestAutomatedTests", "RRCodeTestAutomatedTests\RRCodeTestAutomatedTests.csproj", "{B6122831-4982-4452-A1BD-69ADFFD2D8CD}"
EndProject
Global
	GlobalSection(SolutionConfigurationPlatforms) = preSolution
		Debug|Any CPU = Debug|Any CPU
		Release|Any CPU = Release|Any CPU
	EndGlobalSection
	GlobalSection(ProjectConfigurationPlatforms) = postSolution
		{12E6654A-F4D2-4EF7-8C58-8DCCC4530694}.Debug|Any CPU.ActiveCfg = Debug|Any CPU
		{12E6654A-F4D2-4EF7-8C58-8DCCC4530694}.Debug|Any CPU.Build.0 = Debug|Any CPU
		{12E6654A-F4D2-4EF7-8C58-8DCCC4530694}.Release|Any CPU.ActiveCfg = Release|Any CPU
		{12E6654A-F4D2-4EF7-8C58-8DCCC4530694}.Release|Any CPU.Build.0 = Release|Any CPU
		{B6122831-4982-4452-A1BD-69ADFFD2D8CD}.Debug|Any CPU.ActiveCfg = Debug|Any CPU
		{B6122831-4982-4452-A1BD-69ADFFD2D8CD}.Debug|Any CPU.Build.0 = Debug|Any CPU
		{B6122831-4982-4452-A1BD-69ADFFD2D8CD}.Release|Any CPU.ActiveCfg = Release|Any CPU
		{B6122831-4982-4452-A1BD-69ADFFD2D8CD}.Release|Any CPU.Build.0 = Release|Any CPU
	EndGlobalSection
	GlobalSection(SolutionProperties) = preSolution
		HideSolutionNode = FALSE
	EndGlobalSection
EndGlobal
